
Microsoft Visual Studio Solution File, Format Version 11.00
# Visual Studio 2010
Project("{FAE04EC0-301F-11D3-BF4B-00C04F79EFBC}") = "MobileVRGameTest", "Assembly-CSharp.csproj", "{EC26FDD2-73F6-AF07-0F19-5664DC0A62F0}"
EndProject
Project("{FAE04EC0-301F-11D3-BF4B-00C04F79EFBC}") = "MobileVRGameTest", "Assembly-CSharp-Editor.csproj", "{1530E775-A082-DC47-2DAC-917B7F334A52}"
EndProject
Global
	GlobalSection(SolutionConfigurationPlatforms) = preSolution
		Debug|Any CPU = Debug|Any CPU
		Release|Any CPU = Release|Any CPU
	EndGlobalSection
	GlobalSection(ProjectConfigurationPlatforms) = postSolution
		{EC26FDD2-73F6-AF07-0F19-5664DC0A62F0}.Debug|Any CPU.ActiveCfg = Debug|Any CPU
		{EC26FDD2-73F6-AF07-0F19-5664DC0A62F0}.Debug|Any CPU.Build.0 = Debug|Any CPU
		{EC26FDD2-73F6-AF07-0F19-5664DC0A62F0}.Release|Any CPU.ActiveCfg = Release|Any CPU
		{EC26FDD2-73F6-AF07-0F19-5664DC0A62F0}.Release|Any CPU.Build.0 = Release|Any CPU
		{1530E775-A082-DC47-2DAC-917B7F334A52}.Debug|Any CPU.ActiveCfg = Debug|Any CPU
		{1530E775-A082-DC47-2DAC-917B7F334A52}.Debug|Any CPU.Build.0 = Debug|Any CPU
		{1530E775-A082-DC47-2DAC-917B7F334A52}.Release|Any CPU.ActiveCfg = Release|Any CPU
		{1530E775-A082-DC47-2DAC-917B7F334A52}.Release|Any CPU.Build.0 = Release|Any CPU
	EndGlobalSection
	GlobalSection(SolutionProperties) = preSolution
		HideSolutionNode = FALSE
	EndGlobalSection
	GlobalSection(MonoDevelopProperties) = preSolution
		StartupItem = Assembly-CSharp.csproj
	EndGlobalSection
EndGlobal
